
Microsoft Visual Studio Solution File, Format Version 12.00
# Visual Studio Version 17
VisualStudioVersion = 17.12.35707.178
MinimumVisualStudioVersion = 10.0.40219.1
Project("{9A19103F-16F7-4668-BE54-9A1E7A4F7556}") = "Builder", "Builder\Builder.csproj", "{4C2DFF10-AED7-4E4B-9F11-44B739D72B17}"
EndProject
Project("{9A19103F-16F7-4668-BE54-9A1E7A4F7556}") = "Prototype", "Prototype\Prototype.csproj", "{36B21E48-C57F-4453-AEFA-5A06BA639F96}"
EndProject
Project("{9A19103F-16F7-4668-BE54-9A1E7A4F7556}") = "Adapter", "Adapter\Adapter.csproj", "{646E9C8D-8389-4310-B879-095634E21396}"
EndProject
Project("{9A19103F-16F7-4668-BE54-9A1E7A4F7556}") = "Decorator", "Decorator\Decorator.csproj", "{CE98D8AA-9BEB-4CB8-A80F-B4FA45A56451}"
EndProject
Project("{9A19103F-16F7-4668-BE54-9A1E7A4F7556}") = "Composite", "Composite\Composite.csproj", "{6F283E88-7427-4E14-A37B-7FE4044B7271}"
EndProject
Project("{9A19103F-16F7-4668-BE54-9A1E7A4F7556}") = "Proxy", "Proxy\Proxy.csproj", "{9639D197-9ACC-4A06-A33F-ED8129504EBF}"
EndProject
Project("{9A19103F-16F7-4668-BE54-9A1E7A4F7556}") = "Bridge", "Bridge\Bridge.csproj", "{BE693185-E722-4053-B784-8172DA849824}"
EndProject
Project("{FAE04EC0-301F-11D3-BF4B-00C04F79EFBC}") = "Strategy", "Strategy\Strategy.csproj", "{DC48342E-5BE9-4356-BE54-5DE6AB5A34A1}"
EndProject
Global
	GlobalSection(SolutionConfigurationPlatforms) = preSolution
		Debug|Any CPU = Debug|Any CPU
		Release|Any CPU = Release|Any CPU
	EndGlobalSection
	GlobalSection(ProjectConfigurationPlatforms) = postSolution
		{4C2DFF10-AED7-4E4B-9F11-44B739D72B17}.Debug|Any CPU.ActiveCfg = Debug|Any CPU
		{4C2DFF10-AED7-4E4B-9F11-44B739D72B17}.Debug|Any CPU.Build.0 = Debug|Any CPU
		{4C2DFF10-AED7-4E4B-9F11-44B739D72B17}.Release|Any CPU.ActiveCfg = Release|Any CPU
		{4C2DFF10-AED7-4E4B-9F11-44B739D72B17}.Release|Any CPU.Build.0 = Release|Any CPU
		{36B21E48-C57F-4453-AEFA-5A06BA639F96}.Debug|Any CPU.ActiveCfg = Debug|Any CPU
		{36B21E48-C57F-4453-AEFA-5A06BA639F96}.Debug|Any CPU.Build.0 = Debug|Any CPU
		{36B21E48-C57F-4453-AEFA-5A06BA639F96}.Release|Any CPU.ActiveCfg = Release|Any CPU
		{36B21E48-C57F-4453-AEFA-5A06BA639F96}.Release|Any CPU.Build.0 = Release|Any CPU
		{646E9C8D-8389-4310-B879-095634E21396}.Debug|Any CPU.ActiveCfg = Debug|Any CPU
		{646E9C8D-8389-4310-B879-095634E21396}.Debug|Any CPU.Build.0 = Debug|Any CPU
		{646E9C8D-8389-4310-B879-095634E21396}.Release|Any CPU.ActiveCfg = Release|Any CPU
		{646E9C8D-8389-4310-B879-095634E21396}.Release|Any CPU.Build.0 = Release|Any CPU
		{CE98D8AA-9BEB-4CB8-A80F-B4FA45A56451}.Debug|Any CPU.ActiveCfg = Debug|Any CPU
		{CE98D8AA-9BEB-4CB8-A80F-B4FA45A56451}.Debug|Any CPU.Build.0 = Debug|Any CPU
		{CE98D8AA-9BEB-4CB8-A80F-B4FA45A56451}.Release|Any CPU.ActiveCfg = Release|Any CPU
		{CE98D8AA-9BEB-4CB8-A80F-B4FA45A56451}.Release|Any CPU.Build.0 = Release|Any CPU
		{6F283E88-7427-4E14-A37B-7FE4044B7271}.Debug|Any CPU.ActiveCfg = Debug|Any CPU
		{6F283E88-7427-4E14-A37B-7FE4044B7271}.Debug|Any CPU.Build.0 = Debug|Any CPU
		{6F283E88-7427-4E14-A37B-7FE4044B7271}.Release|Any CPU.ActiveCfg = Release|Any CPU
		{6F283E88-7427-4E14-A37B-7FE4044B7271}.Release|Any CPU.Build.0 = Release|Any CPU
		{9639D197-9ACC-4A06-A33F-ED8129504EBF}.Debug|Any CPU.ActiveCfg = Debug|Any CPU
		{9639D197-9ACC-4A06-A33F-ED8129504EBF}.Debug|Any CPU.Build.0 = Debug|Any CPU
		{9639D197-9ACC-4A06-A33F-ED8129504EBF}.Release|Any CPU.ActiveCfg = Release|Any CPU
		{9639D197-9ACC-4A06-A33F-ED8129504EBF}.Release|Any CPU.Build.0 = Release|Any CPU
		{BE693185-E722-4053-B784-8172DA849824}.Debug|Any CPU.ActiveCfg = Debug|Any CPU
		{BE693185-E722-4053-B784-8172DA849824}.Debug|Any CPU.Build.0 = Debug|Any CPU
		{BE693185-E722-4053-B784-8172DA849824}.Release|Any CPU.ActiveCfg = Release|Any CPU
		{BE693185-E722-4053-B784-8172DA849824}.Release|Any CPU.Build.0 = Release|Any CPU
		{DC48342E-5BE9-4356-BE54-5DE6AB5A34A1}.Debug|Any CPU.ActiveCfg = Debug|Any CPU
		{DC48342E-5BE9-4356-BE54-5DE6AB5A34A1}.Debug|Any CPU.Build.0 = Debug|Any CPU
		{DC48342E-5BE9-4356-BE54-5DE6AB5A34A1}.Release|Any CPU.ActiveCfg = Release|Any CPU
		{DC48342E-5BE9-4356-BE54-5DE6AB5A34A1}.Release|Any CPU.Build.0 = Release|Any CPU
	EndGlobalSection
	GlobalSection(SolutionProperties) = preSolution
		HideSolutionNode = FALSE
	EndGlobalSection
	GlobalSection(ExtensibilityGlobals) = postSolution
		SolutionGuid = {65C23FA6-06C4-4D56-9127-9156408C526E}
	EndGlobalSection
EndGlobal
